
Microsoft Visual Studio Solution File, Format Version 12.00
# Visual Studio Version 17
VisualStudioVersion = 17.14.36221.1
MinimumVisualStudioVersion = 10.0.40219.1
Project("{FAE04EC0-301F-11D3-BF4B-00C04F79EFBC}") = "OpgaveSætMetoder", "OpgaveSætMetoder.csproj", "{42789654-0E6C-4950-869A-C8F6DDEEE63C}"
EndProject
Project("{FAE04EC0-301F-11D3-BF4B-00C04F79EFBC}") = "Lommeregner", "..\Lommeregner\Lommeregner\Lommeregner.csproj", "{188D9036-6061-5C43-9395-BCD08147798D}"
EndProject
Project("{2150E333-8FDC-42A3-9474-1A3956D46DE8}") = "Solution Items", "Solution Items", "{8EC462FD-D22E-90A8-E5CE-7E832BA40C5D}"
	ProjectSection(SolutionItems) = preProject
		.gitignore = .gitignore
	EndProjectSection
EndProject
Global
	GlobalSection(SolutionConfigurationPlatforms) = preSolution
		Debug|Any CPU = Debug|Any CPU
		Release|Any CPU = Release|Any CPU
	EndGlobalSection
	GlobalSection(ProjectConfigurationPlatforms) = postSolution
		{42789654-0E6C-4950-869A-C8F6DDEEE63C}.Debug|Any CPU.ActiveCfg = Debug|Any CPU
		{42789654-0E6C-4950-869A-C8F6DDEEE63C}.Debug|Any CPU.Build.0 = Debug|Any CPU
		{42789654-0E6C-4950-869A-C8F6DDEEE63C}.Release|Any CPU.ActiveCfg = Release|Any CPU
		{42789654-0E6C-4950-869A-C8F6DDEEE63C}.Release|Any CPU.Build.0 = Release|Any CPU
		{188D9036-6061-5C43-9395-BCD08147798D}.Debug|Any CPU.ActiveCfg = Debug|Any CPU
		{188D9036-6061-5C43-9395-BCD08147798D}.Debug|Any CPU.Build.0 = Debug|Any CPU
		{188D9036-6061-5C43-9395-BCD08147798D}.Release|Any CPU.ActiveCfg = Release|Any CPU
		{188D9036-6061-5C43-9395-BCD08147798D}.Release|Any CPU.Build.0 = Release|Any CPU
	EndGlobalSection
	GlobalSection(SolutionProperties) = preSolution
		HideSolutionNode = FALSE
	EndGlobalSection
	GlobalSection(ExtensibilityGlobals) = postSolution
		SolutionGuid = {FD774A84-E385-40AC-8385-77D25EA58EB6}
	EndGlobalSection
EndGlobal
